// !$*UTF8*$!
{
	archiveVersion = 1;
	classes = {
	};
	objectVersion = 56;
	objects = {

/* Begin PBXBuildFile section */
		92129D5728C12A370085C00A /* EntryManager.swift in Sources */ = {isa = PBXBuildFile; fileRef = 92129D5628C12A370085C00A /* EntryManager.swift */; };
		92129D5E28C12E5A0085C00A /* Entry+CoreDataClass.swift in Sources */ = {isa = PBXBuildFile; fileRef = 92129D5C28C12E5A0085C00A /* Entry+CoreDataClass.swift */; };
		92129D5F28C12E5A0085C00A /* Entry+CoreDataProperties.swift in Sources */ = {isa = PBXBuildFile; fileRef = 92129D5D28C12E5A0085C00A /* Entry+CoreDataProperties.swift */; };
		92129D6128C4F8EA0085C00A /* ViewsStyles.swift in Sources */ = {isa = PBXBuildFile; fileRef = 92129D6028C4F8EA0085C00A /* ViewsStyles.swift */; };
		921BBB8C29577C6D00D71DD6 /* ActivityChart.swift in Sources */ = {isa = PBXBuildFile; fileRef = 921BBB8B29577C6D00D71DD6 /* ActivityChart.swift */; };
		921BBB8E29577C9600D71DD6 /* SymptomsChart.swift in Sources */ = {isa = PBXBuildFile; fileRef = 921BBB8D29577C9600D71DD6 /* SymptomsChart.swift */; };
		925A2EA72964D9AD00FB6B7B /* CodableCSV in Frameworks */ = {isa = PBXBuildFile; productRef = 925A2EA62964D9AD00FB6B7B /* CodableCSV */; };
		925A2EA92964D9CF00FB6B7B /* CSVImporterView.swift in Sources */ = {isa = PBXBuildFile; fileRef = 925A2EA82964D9CF00FB6B7B /* CSVImporterView.swift */; };
		925A2EAB2964DA7000FB6B7B /* CSVFileManager.swift in Sources */ = {isa = PBXBuildFile; fileRef = 925A2EAA2964DA7000FB6B7B /* CSVFileManager.swift */; };
		925A2EB22964E79800FB6B7B /* PEMFLOW_CLEAN.csv in Resources */ = {isa = PBXBuildFile; fileRef = 925A2EB12964E79800FB6B7B /* PEMFLOW_CLEAN.csv */; };
		925A2EB629672C2F00FB6B7B /* ButtonStyles.swift in Sources */ = {isa = PBXBuildFile; fileRef = 925A2EB529672C2F00FB6B7B /* ButtonStyles.swift */; };
		925A2EB9296C77F400FB6B7B /* CoreDataManager.swift in Sources */ = {isa = PBXBuildFile; fileRef = 925A2EB8296C77F400FB6B7B /* CoreDataManager.swift */; };
		925A2EBB296C79DB00FB6B7B /* PersistentStore.swift in Sources */ = {isa = PBXBuildFile; fileRef = 925A2EBA296C79DB00FB6B7B /* PersistentStore.swift */; };
		927BC1BE28D269E8007A76D5 /* HistoryView.swift in Sources */ = {isa = PBXBuildFile; fileRef = 927BC1BD28D269E8007A76D5 /* HistoryView.swift */; };
		92C3172928B8BD7C00A268AA /* PEM_FlowApp.swift in Sources */ = {isa = PBXBuildFile; fileRef = 92C3172828B8BD7C00A268AA /* PEM_FlowApp.swift */; };
		92C3172B28B8BD7C00A268AA /* ContentView.swift in Sources */ = {isa = PBXBuildFile; fileRef = 92C3172A28B8BD7C00A268AA /* ContentView.swift */; };
		92C3172D28B8BD7E00A268AA /* Assets.xcassets in Resources */ = {isa = PBXBuildFile; fileRef = 92C3172C28B8BD7E00A268AA /* Assets.xcassets */; };
		92C3173028B8BD7E00A268AA /* Preview Assets.xcassets in Resources */ = {isa = PBXBuildFile; fileRef = 92C3172F28B8BD7E00A268AA /* Preview Assets.xcassets */; };
		92C3173528B8BD7E00A268AA /* PEM_Flow.xcdatamodeld in Sources */ = {isa = PBXBuildFile; fileRef = 92C3173328B8BD7E00A268AA /* PEM_Flow.xcdatamodeld */; };
		92C3173C28B8BE8E00A268AA /* Home.swift in Sources */ = {isa = PBXBuildFile; fileRef = 92C3173B28B8BE8E00A268AA /* Home.swift */; };
		92C3173E28B8BFCE00A268AA /* DataStructure.swift in Sources */ = {isa = PBXBuildFile; fileRef = 92C3173D28B8BFCE00A268AA /* DataStructure.swift */; };
		92C3174028B8C36B00A268AA /* EditEntry.swift in Sources */ = {isa = PBXBuildFile; fileRef = 92C3173F28B8C36B00A268AA /* EditEntry.swift */; };
		92D860D3296D9C0200C51764 /* Onboarding.swift in Sources */ = {isa = PBXBuildFile; fileRef = 92D860D2296D9C0200C51764 /* Onboarding.swift */; };
		92D860D5296D9FE200C51764 /* HomeViewModel.swift in Sources */ = {isa = PBXBuildFile; fileRef = 92D860D4296D9FE200C51764 /* HomeViewModel.swift */; };
		92D860D9296DB24500C51764 /* OrderedCollections in Frameworks */ = {isa = PBXBuildFile; productRef = 92D860D8296DB24500C51764 /* OrderedCollections */; };
		92D860DC296DBCF200C51764 /* EditEntryViewModel.swift in Sources */ = {isa = PBXBuildFile; fileRef = 92D860DB296DBCF200C51764 /* EditEntryViewModel.swift */; };
		92D860DE296DC81D00C51764 /* EntryRepository.swift in Sources */ = {isa = PBXBuildFile; fileRef = 92D860DD296DC81D00C51764 /* EntryRepository.swift */; };
		92F63BC128E071110098748F /* FatigueChart.swift in Sources */ = {isa = PBXBuildFile; fileRef = 92F63BC028E071110098748F /* FatigueChart.swift */; };
		92F63BC428E0DBAC0098748F /* SymptomsComparisonChart.swift in Sources */ = {isa = PBXBuildFile; fileRef = 92F63BC328E0DBAC0098748F /* SymptomsComparisonChart.swift */; };
		92F63BC628E0E6050098748F /* Dashboard.swift in Sources */ = {isa = PBXBuildFile; fileRef = 92F63BC528E0E6050098748F /* Dashboard.swift */; };
		92F63BC828E0EB730098748F /* AverageSymptomsActivityChart.swift in Sources */ = {isa = PBXBuildFile; fileRef = 92F63BC728E0EB730098748F /* AverageSymptomsActivityChart.swift */; };
/* End PBXBuildFile section */

/* Begin PBXFileReference section */
		92129D5628C12A370085C00A /* EntryManager.swift */ = {isa = PBXFileReference; lastKnownFileType = sourcecode.swift; path = EntryManager.swift; sourceTree = "<group>"; };
		92129D5C28C12E5A0085C00A /* Entry+CoreDataClass.swift */ = {isa = PBXFileReference; lastKnownFileType = sourcecode.swift; path = "Entry+CoreDataClass.swift"; sourceTree = "<group>"; };
		92129D5D28C12E5A0085C00A /* Entry+CoreDataProperties.swift */ = {isa = PBXFileReference; lastKnownFileType = sourcecode.swift; path = "Entry+CoreDataProperties.swift"; sourceTree = "<group>"; };
		92129D6028C4F8EA0085C00A /* ViewsStyles.swift */ = {isa = PBXFileReference; lastKnownFileType = sourcecode.swift; path = ViewsStyles.swift; sourceTree = "<group>"; };
		921BBB8B29577C6D00D71DD6 /* ActivityChart.swift */ = {isa = PBXFileReference; lastKnownFileType = sourcecode.swift; path = ActivityChart.swift; sourceTree = "<group>"; };
		921BBB8D29577C9600D71DD6 /* SymptomsChart.swift */ = {isa = PBXFileReference; lastKnownFileType = sourcecode.swift; path = SymptomsChart.swift; sourceTree = "<group>"; };
		925A2EA82964D9CF00FB6B7B /* CSVImporterView.swift */ = {isa = PBXFileReference; lastKnownFileType = sourcecode.swift; path = CSVImporterView.swift; sourceTree = "<group>"; };
		925A2EAA2964DA7000FB6B7B /* CSVFileManager.swift */ = {isa = PBXFileReference; lastKnownFileType = sourcecode.swift; path = CSVFileManager.swift; sourceTree = "<group>"; };
		925A2EB12964E79800FB6B7B /* PEMFLOW_CLEAN.csv */ = {isa = PBXFileReference; fileEncoding = 4; lastKnownFileType = text; path = PEMFLOW_CLEAN.csv; sourceTree = "<group>"; };
		925A2EB529672C2F00FB6B7B /* ButtonStyles.swift */ = {isa = PBXFileReference; lastKnownFileType = sourcecode.swift; path = ButtonStyles.swift; sourceTree = "<group>"; };
		925A2EB8296C77F400FB6B7B /* CoreDataManager.swift */ = {isa = PBXFileReference; lastKnownFileType = sourcecode.swift; path = CoreDataManager.swift; sourceTree = "<group>"; };
		925A2EBA296C79DB00FB6B7B /* PersistentStore.swift */ = {isa = PBXFileReference; lastKnownFileType = sourcecode.swift; path = PersistentStore.swift; sourceTree = "<group>"; };
		927BC1BD28D269E8007A76D5 /* HistoryView.swift */ = {isa = PBXFileReference; lastKnownFileType = sourcecode.swift; path = HistoryView.swift; sourceTree = "<group>"; };
		92C3172528B8BD7C00A268AA /* PEM Flow.app */ = {isa = PBXFileReference; explicitFileType = wrapper.application; includeInIndex = 0; path = "PEM Flow.app"; sourceTree = BUILT_PRODUCTS_DIR; };
		92C3172828B8BD7C00A268AA /* PEM_FlowApp.swift */ = {isa = PBXFileReference; lastKnownFileType = sourcecode.swift; path = PEM_FlowApp.swift; sourceTree = "<group>"; };
		92C3172A28B8BD7C00A268AA /* ContentView.swift */ = {isa = PBXFileReference; lastKnownFileType = sourcecode.swift; path = ContentView.swift; sourceTree = "<group>"; };
		92C3172C28B8BD7E00A268AA /* Assets.xcassets */ = {isa = PBXFileReference; lastKnownFileType = folder.assetcatalog; path = Assets.xcassets; sourceTree = "<group>"; };
		92C3172F28B8BD7E00A268AA /* Preview Assets.xcassets */ = {isa = PBXFileReference; lastKnownFileType = folder.assetcatalog; path = "Preview Assets.xcassets"; sourceTree = "<group>"; };
		92C3173428B8BD7E00A268AA /* PEM_Flow.xcdatamodel */ = {isa = PBXFileReference; lastKnownFileType = wrapper.xcdatamodel; path = PEM_Flow.xcdatamodel; sourceTree = "<group>"; };
		92C3173B28B8BE8E00A268AA /* Home.swift */ = {isa = PBXFileReference; lastKnownFileType = sourcecode.swift; path = Home.swift; sourceTree = "<group>"; };
		92C3173D28B8BFCE00A268AA /* DataStructure.swift */ = {isa = PBXFileReference; lastKnownFileType = sourcecode.swift; path = DataStructure.swift; sourceTree = "<group>"; };
		92C3173F28B8C36B00A268AA /* EditEntry.swift */ = {isa = PBXFileReference; lastKnownFileType = sourcecode.swift; path = EditEntry.swift; sourceTree = "<group>"; };
		92D860D2296D9C0200C51764 /* Onboarding.swift */ = {isa = PBXFileReference; lastKnownFileType = sourcecode.swift; path = Onboarding.swift; sourceTree = "<group>"; };
		92D860D4296D9FE200C51764 /* HomeViewModel.swift */ = {isa = PBXFileReference; lastKnownFileType = sourcecode.swift; path = HomeViewModel.swift; sourceTree = "<group>"; };
		92D860DB296DBCF200C51764 /* EditEntryViewModel.swift */ = {isa = PBXFileReference; lastKnownFileType = sourcecode.swift; path = EditEntryViewModel.swift; sourceTree = "<group>"; };
		92D860DD296DC81D00C51764 /* EntryRepository.swift */ = {isa = PBXFileReference; lastKnownFileType = sourcecode.swift; path = EntryRepository.swift; sourceTree = "<group>"; };
		92F63BC028E071110098748F /* FatigueChart.swift */ = {isa = PBXFileReference; lastKnownFileType = sourcecode.swift; path = FatigueChart.swift; sourceTree = "<group>"; };
		92F63BC328E0DBAC0098748F /* SymptomsComparisonChart.swift */ = {isa = PBXFileReference; lastKnownFileType = sourcecode.swift; path = SymptomsComparisonChart.swift; sourceTree = "<group>"; };
		92F63BC528E0E6050098748F /* Dashboard.swift */ = {isa = PBXFileReference; lastKnownFileType = sourcecode.swift; path = Dashboard.swift; sourceTree = "<group>"; };
		92F63BC728E0EB730098748F /* AverageSymptomsActivityChart.swift */ = {isa = PBXFileReference; lastKnownFileType = sourcecode.swift; path = AverageSymptomsActivityChart.swift; sourceTree = "<group>"; };
/* End PBXFileReference section */

/* Begin PBXFrameworksBuildPhase section */
		92C3172228B8BD7C00A268AA /* Frameworks */ = {
			isa = PBXFrameworksBuildPhase;
			buildActionMask = 2147483647;
			files = (
				92D860D9296DB24500C51764 /* OrderedCollections in Frameworks */,
				925A2EA72964D9AD00FB6B7B /* CodableCSV in Frameworks */,
			);
			runOnlyForDeploymentPostprocessing = 0;
		};
/* End PBXFrameworksBuildPhase section */

/* Begin PBXGroup section */
		925A2EA22964D92300FB6B7B /* FileMocks */ = {
			isa = PBXGroup;
			children = (
				925A2EB12964E79800FB6B7B /* PEMFLOW_CLEAN.csv */,
			);
			path = FileMocks;
			sourceTree = "<group>";
		};
		925A2EAC2964DA7600FB6B7B /* CSV */ = {
			isa = PBXGroup;
			children = (
				925A2EA82964D9CF00FB6B7B /* CSVImporterView.swift */,
				925A2EAA2964DA7000FB6B7B /* CSVFileManager.swift */,
			);
			path = CSV;
			sourceTree = "<group>";
		};
		925A2EB7296C775400FB6B7B /* Data */ = {
			isa = PBXGroup;
			children = (
				92129D5C28C12E5A0085C00A /* Entry+CoreDataClass.swift */,
				92129D5D28C12E5A0085C00A /* Entry+CoreDataProperties.swift */,
				92C3173D28B8BFCE00A268AA /* DataStructure.swift */,
				92129D5628C12A370085C00A /* EntryManager.swift */,
				925A2EB8296C77F400FB6B7B /* CoreDataManager.swift */,
				925A2EBA296C79DB00FB6B7B /* PersistentStore.swift */,
				92D860DD296DC81D00C51764 /* EntryRepository.swift */,
			);
			path = Data;
			sourceTree = "<group>";
		};
		92C3171C28B8BD7C00A268AA = {
			isa = PBXGroup;
			children = (
				92C3172728B8BD7C00A268AA /* PEM Flow */,
				92C3172628B8BD7C00A268AA /* Products */,
			);
			sourceTree = "<group>";
		};
		92C3172628B8BD7C00A268AA /* Products */ = {
			isa = PBXGroup;
			children = (
				92C3172528B8BD7C00A268AA /* PEM Flow.app */,
			);
			name = Products;
			sourceTree = "<group>";
		};
		92C3172728B8BD7C00A268AA /* PEM Flow */ = {
			isa = PBXGroup;
			children = (
				925A2EAC2964DA7600FB6B7B /* CSV */,
				925A2EA22964D92300FB6B7B /* FileMocks */,
				92F63BC228E071160098748F /* Charts */,
				925A2EB7296C775400FB6B7B /* Data */,
				92D860DA296DBCDD00C51764 /* EditEntry */,
				92C3172828B8BD7C00A268AA /* PEM_FlowApp.swift */,
				92D860D6296D9FEC00C51764 /* Home */,
				92C3172A28B8BD7C00A268AA /* ContentView.swift */,
				92C3172C28B8BD7E00A268AA /* Assets.xcassets */,
				92C3173328B8BD7E00A268AA /* PEM_Flow.xcdatamodeld */,
				92C3172E28B8BD7E00A268AA /* Preview Content */,
				92129D6028C4F8EA0085C00A /* ViewsStyles.swift */,
				927BC1BD28D269E8007A76D5 /* HistoryView.swift */,
				925A2EB529672C2F00FB6B7B /* ButtonStyles.swift */,
				92D860D2296D9C0200C51764 /* Onboarding.swift */,
			);
			path = "PEM Flow";
			sourceTree = "<group>";
		};
		92C3172E28B8BD7E00A268AA /* Preview Content */ = {
			isa = PBXGroup;
			children = (
				92C3172F28B8BD7E00A268AA /* Preview Assets.xcassets */,
			);
			path = "Preview Content";
			sourceTree = "<group>";
		};
		92D860D6296D9FEC00C51764 /* Home */ = {
			isa = PBXGroup;
			children = (
				92F63BC528E0E6050098748F /* Dashboard.swift */,
				92C3173B28B8BE8E00A268AA /* Home.swift */,
				92D860D4296D9FE200C51764 /* HomeViewModel.swift */,
			);
			path = Home;
			sourceTree = "<group>";
		};
		92D860DA296DBCDD00C51764 /* EditEntry */ = {
			isa = PBXGroup;
			children = (
				92C3173F28B8C36B00A268AA /* EditEntry.swift */,
				92D860DB296DBCF200C51764 /* EditEntryViewModel.swift */,
			);
			path = EditEntry;
			sourceTree = "<group>";
		};
		92F63BC228E071160098748F /* Charts */ = {
			isa = PBXGroup;
			children = (
				92F63BC028E071110098748F /* FatigueChart.swift */,
				92F63BC328E0DBAC0098748F /* SymptomsComparisonChart.swift */,
				92F63BC728E0EB730098748F /* AverageSymptomsActivityChart.swift */,
				921BBB8B29577C6D00D71DD6 /* ActivityChart.swift */,
				921BBB8D29577C9600D71DD6 /* SymptomsChart.swift */,
			);
			path = Charts;
			sourceTree = "<group>";
		};
/* End PBXGroup section */

/* Begin PBXNativeTarget section */
		92C3172428B8BD7C00A268AA /* PEM Flow */ = {
			isa = PBXNativeTarget;
			buildConfigurationList = 92C3173828B8BD7E00A268AA /* Build configuration list for PBXNativeTarget "PEM Flow" */;
			buildPhases = (
				92C3172128B8BD7C00A268AA /* Sources */,
				92C3172228B8BD7C00A268AA /* Frameworks */,
				92C3172328B8BD7C00A268AA /* Resources */,
			);
			buildRules = (
			);
			dependencies = (
			);
			name = "PEM Flow";
			packageProductDependencies = (
				925A2EA62964D9AD00FB6B7B /* CodableCSV */,
				92D860D8296DB24500C51764 /* OrderedCollections */,
			);
			productName = "PEM Flow";
			productReference = 92C3172528B8BD7C00A268AA /* PEM Flow.app */;
			productType = "com.apple.product-type.application";
		};
/* End PBXNativeTarget section */

/* Begin PBXProject section */
		92C3171D28B8BD7C00A268AA /* Project object */ = {
			isa = PBXProject;
			attributes = {
				BuildIndependentTargetsInParallel = 1;
				LastSwiftUpdateCheck = 1400;
				LastUpgradeCheck = 1400;
				TargetAttributes = {
					92C3172428B8BD7C00A268AA = {
						CreatedOnToolsVersion = 14.0;
					};
				};
			};
			buildConfigurationList = 92C3172028B8BD7C00A268AA /* Build configuration list for PBXProject "PEM Flow" */;
			compatibilityVersion = "Xcode 14.0";
			developmentRegion = en;
			hasScannedForEncodings = 0;
			knownRegions = (
				en,
				Base,
			);
			mainGroup = 92C3171C28B8BD7C00A268AA;
			packageReferences = (
				925A2EA52964D9AD00FB6B7B /* XCRemoteSwiftPackageReference "CodableCSV" */,
				92D860D7296DB24500C51764 /* XCRemoteSwiftPackageReference "swift-collections" */,
			);
			productRefGroup = 92C3172628B8BD7C00A268AA /* Products */;
			projectDirPath = "";
			projectRoot = "";
			targets = (
				92C3172428B8BD7C00A268AA /* PEM Flow */,
			);
		};
/* End PBXProject section */

/* Begin PBXResourcesBuildPhase section */
		92C3172328B8BD7C00A268AA /* Resources */ = {
			isa = PBXResourcesBuildPhase;
			buildActionMask = 2147483647;
			files = (
				92C3173028B8BD7E00A268AA /* Preview Assets.xcassets in Resources */,
				92C3172D28B8BD7E00A268AA /* Assets.xcassets in Resources */,
				925A2EB22964E79800FB6B7B /* PEMFLOW_CLEAN.csv in Resources */,
			);
			runOnlyForDeploymentPostprocessing = 0;
		};
/* End PBXResourcesBuildPhase section */

/* Begin PBXSourcesBuildPhase section */
		92C3172128B8BD7C00A268AA /* Sources */ = {
			isa = PBXSourcesBuildPhase;
			buildActionMask = 2147483647;
			files = (
				92C3174028B8C36B00A268AA /* EditEntry.swift in Sources */,
				927BC1BE28D269E8007A76D5 /* HistoryView.swift in Sources */,
				925A2EAB2964DA7000FB6B7B /* CSVFileManager.swift in Sources */,
				92D860D5296D9FE200C51764 /* HomeViewModel.swift in Sources */,
				92D860DC296DBCF200C51764 /* EditEntryViewModel.swift in Sources */,
				925A2EB629672C2F00FB6B7B /* ButtonStyles.swift in Sources */,
				92129D5728C12A370085C00A /* EntryManager.swift in Sources */,
				92D860D3296D9C0200C51764 /* Onboarding.swift in Sources */,
				921BBB8E29577C9600D71DD6 /* SymptomsChart.swift in Sources */,
				921BBB8C29577C6D00D71DD6 /* ActivityChart.swift in Sources */,
				92129D6128C4F8EA0085C00A /* ViewsStyles.swift in Sources */,
				925A2EA92964D9CF00FB6B7B /* CSVImporterView.swift in Sources */,
				925A2EB9296C77F400FB6B7B /* CoreDataManager.swift in Sources */,
				92F63BC428E0DBAC0098748F /* SymptomsComparisonChart.swift in Sources */,
				92D860DE296DC81D00C51764 /* EntryRepository.swift in Sources */,
				92C3172B28B8BD7C00A268AA /* ContentView.swift in Sources */,
				92F63BC628E0E6050098748F /* Dashboard.swift in Sources */,
				92129D5F28C12E5A0085C00A /* Entry+CoreDataProperties.swift in Sources */,
				92129D5E28C12E5A0085C00A /* Entry+CoreDataClass.swift in Sources */,
				92C3173C28B8BE8E00A268AA /* Home.swift in Sources */,
				92C3173E28B8BFCE00A268AA /* DataStructure.swift in Sources */,
				92C3173528B8BD7E00A268AA /* PEM_Flow.xcdatamodeld in Sources */,
				925A2EBB296C79DB00FB6B7B /* PersistentStore.swift in Sources */,
				92F63BC128E071110098748F /* FatigueChart.swift in Sources */,
				92C3172928B8BD7C00A268AA /* PEM_FlowApp.swift in Sources */,
				92F63BC828E0EB730098748F /* AverageSymptomsActivityChart.swift in Sources */,
			);
			runOnlyForDeploymentPostprocessing = 0;
		};
/* End PBXSourcesBuildPhase section */

/* Begin XCBuildConfiguration section */
		92C3173628B8BD7E00A268AA /* Debug */ = {
			isa = XCBuildConfiguration;
			buildSettings = {
				ALWAYS_SEARCH_USER_PATHS = NO;
				CLANG_ANALYZER_NONNULL = YES;
				CLANG_ANALYZER_NUMBER_OBJECT_CONVERSION = YES_AGGRESSIVE;
				CLANG_CXX_LANGUAGE_STANDARD = "gnu++20";
				CLANG_ENABLE_MODULES = YES;
				CLANG_ENABLE_OBJC_ARC = YES;
				CLANG_ENABLE_OBJC_WEAK = YES;
				CLANG_WARN_BLOCK_CAPTURE_AUTORELEASING = YES;
				CLANG_WARN_BOOL_CONVERSION = YES;
				CLANG_WARN_COMMA = YES;
				CLANG_WARN_CONSTANT_CONVERSION = YES;
				CLANG_WARN_DEPRECATED_OBJC_IMPLEMENTATIONS = YES;
				CLANG_WARN_DIRECT_OBJC_ISA_USAGE = YES_ERROR;
				CLANG_WARN_DOCUMENTATION_COMMENTS = YES;
				CLANG_WARN_EMPTY_BODY = YES;
				CLANG_WARN_ENUM_CONVERSION = YES;
				CLANG_WARN_INFINITE_RECURSION = YES;
				CLANG_WARN_INT_CONVERSION = YES;
				CLANG_WARN_NON_LITERAL_NULL_CONVERSION = YES;
				CLANG_WARN_OBJC_IMPLICIT_RETAIN_SELF = YES;
				CLANG_WARN_OBJC_LITERAL_CONVERSION = YES;
				CLANG_WARN_OBJC_ROOT_CLASS = YES_ERROR;
				CLANG_WARN_QUOTED_INCLUDE_IN_FRAMEWORK_HEADER = YES;
				CLANG_WARN_RANGE_LOOP_ANALYSIS = YES;
				CLANG_WARN_STRICT_PROTOTYPES = YES;
				CLANG_WARN_SUSPICIOUS_MOVE = YES;
				CLANG_WARN_UNGUARDED_AVAILABILITY = YES_AGGRESSIVE;
				CLANG_WARN_UNREACHABLE_CODE = YES;
				CLANG_WARN__DUPLICATE_METHOD_MATCH = YES;
				COPY_PHASE_STRIP = NO;
				DEBUG_INFORMATION_FORMAT = dwarf;
				ENABLE_STRICT_OBJC_MSGSEND = YES;
				ENABLE_TESTABILITY = YES;
				GCC_C_LANGUAGE_STANDARD = gnu11;
				GCC_DYNAMIC_NO_PIC = NO;
				GCC_NO_COMMON_BLOCKS = YES;
				GCC_OPTIMIZATION_LEVEL = 0;
				GCC_PREPROCESSOR_DEFINITIONS = (
					"DEBUG=1",
					"$(inherited)",
				);
				GCC_WARN_64_TO_32_BIT_CONVERSION = YES;
				GCC_WARN_ABOUT_RETURN_TYPE = YES_ERROR;
				GCC_WARN_UNDECLARED_SELECTOR = YES;
				GCC_WARN_UNINITIALIZED_AUTOS = YES_AGGRESSIVE;
				GCC_WARN_UNUSED_FUNCTION = YES;
				GCC_WARN_UNUSED_VARIABLE = YES;
				IPHONEOS_DEPLOYMENT_TARGET = 16.0;
				MTL_ENABLE_DEBUG_INFO = INCLUDE_SOURCE;
				MTL_FAST_MATH = YES;
				ONLY_ACTIVE_ARCH = YES;
				SDKROOT = iphoneos;
				SWIFT_ACTIVE_COMPILATION_CONDITIONS = DEBUG;
				SWIFT_OPTIMIZATION_LEVEL = "-Onone";
			};
			name = Debug;
		};
		92C3173728B8BD7E00A268AA /* Release */ = {
			isa = XCBuildConfiguration;
			buildSettings = {
				ALWAYS_SEARCH_USER_PATHS = NO;
				CLANG_ANALYZER_NONNULL = YES;
				CLANG_ANALYZER_NUMBER_OBJECT_CONVERSION = YES_AGGRESSIVE;
				CLANG_CXX_LANGUAGE_STANDARD = "gnu++20";
				CLANG_ENABLE_MODULES = YES;
				CLANG_ENABLE_OBJC_ARC = YES;
				CLANG_ENABLE_OBJC_WEAK = YES;
				CLANG_WARN_BLOCK_CAPTURE_AUTORELEASING = YES;
				CLANG_WARN_BOOL_CONVERSION = YES;
				CLANG_WARN_COMMA = YES;
				CLANG_WARN_CONSTANT_CONVERSION = YES;
				CLANG_WARN_DEPRECATED_OBJC_IMPLEMENTATIONS = YES;
				CLANG_WARN_DIRECT_OBJC_ISA_USAGE = YES_ERROR;
				CLANG_WARN_DOCUMENTATION_COMMENTS = YES;
				CLANG_WARN_EMPTY_BODY = YES;
				CLANG_WARN_ENUM_CONVERSION = YES;
				CLANG_WARN_INFINITE_RECURSION = YES;
				CLANG_WARN_INT_CONVERSION = YES;
				CLANG_WARN_NON_LITERAL_NULL_CONVERSION = YES;
				CLANG_WARN_OBJC_IMPLICIT_RETAIN_SELF = YES;
				CLANG_WARN_OBJC_LITERAL_CONVERSION = YES;
				CLANG_WARN_OBJC_ROOT_CLASS = YES_ERROR;
				CLANG_WARN_QUOTED_INCLUDE_IN_FRAMEWORK_HEADER = YES;
				CLANG_WARN_RANGE_LOOP_ANALYSIS = YES;
				CLANG_WARN_STRICT_PROTOTYPES = YES;
				CLANG_WARN_SUSPICIOUS_MOVE = YES;
				CLANG_WARN_UNGUARDED_AVAILABILITY = YES_AGGRESSIVE;
				CLANG_WARN_UNREACHABLE_CODE = YES;
				CLANG_WARN__DUPLICATE_METHOD_MATCH = YES;
				COPY_PHASE_STRIP = NO;
				DEBUG_INFORMATION_FORMAT = "dwarf-with-dsym";
				ENABLE_NS_ASSERTIONS = NO;
				ENABLE_STRICT_OBJC_MSGSEND = YES;
				GCC_C_LANGUAGE_STANDARD = gnu11;
				GCC_NO_COMMON_BLOCKS = YES;
				GCC_WARN_64_TO_32_BIT_CONVERSION = YES;
				GCC_WARN_ABOUT_RETURN_TYPE = YES_ERROR;
				GCC_WARN_UNDECLARED_SELECTOR = YES;
				GCC_WARN_UNINITIALIZED_AUTOS = YES_AGGRESSIVE;
				GCC_WARN_UNUSED_FUNCTION = YES;
				GCC_WARN_UNUSED_VARIABLE = YES;
				IPHONEOS_DEPLOYMENT_TARGET = 16.0;
				MTL_ENABLE_DEBUG_INFO = NO;
				MTL_FAST_MATH = YES;
				SDKROOT = iphoneos;
				SWIFT_COMPILATION_MODE = wholemodule;
				SWIFT_OPTIMIZATION_LEVEL = "-O";
				VALIDATE_PRODUCT = YES;
			};
			name = Release;
		};
		92C3173928B8BD7E00A268AA /* Debug */ = {
			isa = XCBuildConfiguration;
			buildSettings = {
				ASSETCATALOG_COMPILER_APPICON_NAME = AppIcon;
				ASSETCATALOG_COMPILER_GLOBAL_ACCENT_COLOR_NAME = AccentColor;
				CODE_SIGN_STYLE = Automatic;
				CURRENT_PROJECT_VERSION = 1;
				DEVELOPMENT_ASSET_PATHS = "\"PEM Flow/Preview Content\"";
				DEVELOPMENT_TEAM = MKCTX8C9MY;
				ENABLE_PREVIEWS = YES;
				GENERATE_INFOPLIST_FILE = YES;
				INFOPLIST_KEY_UIApplicationSceneManifest_Generation = YES;
				INFOPLIST_KEY_UIApplicationSupportsIndirectInputEvents = YES;
				INFOPLIST_KEY_UILaunchScreen_Generation = YES;
				INFOPLIST_KEY_UISupportedInterfaceOrientations_iPad = "UIInterfaceOrientationPortrait UIInterfaceOrientationPortraitUpsideDown UIInterfaceOrientationLandscapeLeft UIInterfaceOrientationLandscapeRight";
				INFOPLIST_KEY_UISupportedInterfaceOrientations_iPhone = "UIInterfaceOrientationPortrait UIInterfaceOrientationLandscapeLeft UIInterfaceOrientationLandscapeRight";
				IPHONEOS_DEPLOYMENT_TARGET = 16.1;
				LD_RUNPATH_SEARCH_PATHS = (
					"$(inherited)",
					"@executable_path/Frameworks",
				);
				MARKETING_VERSION = 1.0;
				PRODUCT_BUNDLE_IDENTIFIER = "com.pickle.PEM-Flow";
				PRODUCT_NAME = "$(TARGET_NAME)";
				SWIFT_EMIT_LOC_STRINGS = YES;
				SWIFT_VERSION = 5.0;
				TARGETED_DEVICE_FAMILY = "1,2";
			};
			name = Debug;
		};
		92C3173A28B8BD7E00A268AA /* Release */ = {
			isa = XCBuildConfiguration;
			buildSettings = {
				ASSETCATALOG_COMPILER_APPICON_NAME = AppIcon;
				ASSETCATALOG_COMPILER_GLOBAL_ACCENT_COLOR_NAME = AccentColor;
				CODE_SIGN_STYLE = Automatic;
				CURRENT_PROJECT_VERSION = 1;
				DEVELOPMENT_ASSET_PATHS = "\"PEM Flow/Preview Content\"";
				DEVELOPMENT_TEAM = MKCTX8C9MY;
				ENABLE_PREVIEWS = YES;
				GENERATE_INFOPLIST_FILE = YES;
				INFOPLIST_KEY_UIApplicationSceneManifest_Generation = YES;
				INFOPLIST_KEY_UIApplicationSupportsIndirectInputEvents = YES;
				INFOPLIST_KEY_UILaunchScreen_Generation = YES;
				INFOPLIST_KEY_UISupportedInterfaceOrientations_iPad = "UIInterfaceOrientationPortrait UIInterfaceOrientationPortraitUpsideDown UIInterfaceOrientationLandscapeLeft UIInterfaceOrientationLandscapeRight";
				INFOPLIST_KEY_UISupportedInterfaceOrientations_iPhone = "UIInterfaceOrientationPortrait UIInterfaceOrientationLandscapeLeft UIInterfaceOrientationLandscapeRight";
				IPHONEOS_DEPLOYMENT_TARGET = 16.1;
				LD_RUNPATH_SEARCH_PATHS = (
					"$(inherited)",
					"@executable_path/Frameworks",
				);
				MARKETING_VERSION = 1.0;
				PRODUCT_BUNDLE_IDENTIFIER = "com.pickle.PEM-Flow";
				PRODUCT_NAME = "$(TARGET_NAME)";
				SWIFT_EMIT_LOC_STRINGS = YES;
				SWIFT_VERSION = 5.0;
				TARGETED_DEVICE_FAMILY = "1,2";
			};
			name = Release;
		};
/* End XCBuildConfiguration section */

/* Begin XCConfigurationList section */
		92C3172028B8BD7C00A268AA /* Build configuration list for PBXProject "PEM Flow" */ = {
			isa = XCConfigurationList;
			buildConfigurations = (
				92C3173628B8BD7E00A268AA /* Debug */,
				92C3173728B8BD7E00A268AA /* Release */,
			);
			defaultConfigurationIsVisible = 0;
			defaultConfigurationName = Release;
		};
		92C3173828B8BD7E00A268AA /* Build configuration list for PBXNativeTarget "PEM Flow" */ = {
			isa = XCConfigurationList;
			buildConfigurations = (
				92C3173928B8BD7E00A268AA /* Debug */,
				92C3173A28B8BD7E00A268AA /* Release */,
			);
			defaultConfigurationIsVisible = 0;
			defaultConfigurationName = Release;
		};
/* End XCConfigurationList section */

/* Begin XCRemoteSwiftPackageReference section */
		925A2EA52964D9AD00FB6B7B /* XCRemoteSwiftPackageReference "CodableCSV" */ = {
			isa = XCRemoteSwiftPackageReference;
			repositoryURL = "https://github.com/dehesa/CodableCSV";
			requirement = {
				kind = upToNextMajorVersion;
				minimumVersion = 0.6.7;
			};
		};
		92D860D7296DB24500C51764 /* XCRemoteSwiftPackageReference "swift-collections" */ = {
			isa = XCRemoteSwiftPackageReference;
			repositoryURL = "https://github.com/apple/swift-collections.git";
			requirement = {
				kind = upToNextMajorVersion;
				minimumVersion = 1.0.0;
			};
		};
/* End XCRemoteSwiftPackageReference section */

/* Begin XCSwiftPackageProductDependency section */
		925A2EA62964D9AD00FB6B7B /* CodableCSV */ = {
			isa = XCSwiftPackageProductDependency;
			package = 925A2EA52964D9AD00FB6B7B /* XCRemoteSwiftPackageReference "CodableCSV" */;
			productName = CodableCSV;
		};
		92D860D8296DB24500C51764 /* OrderedCollections */ = {
			isa = XCSwiftPackageProductDependency;
			package = 92D860D7296DB24500C51764 /* XCRemoteSwiftPackageReference "swift-collections" */;
			productName = OrderedCollections;
		};
/* End XCSwiftPackageProductDependency section */

/* Begin XCVersionGroup section */
		92C3173328B8BD7E00A268AA /* PEM_Flow.xcdatamodeld */ = {
			isa = XCVersionGroup;
			children = (
				92C3173428B8BD7E00A268AA /* PEM_Flow.xcdatamodel */,
			);
			currentVersion = 92C3173428B8BD7E00A268AA /* PEM_Flow.xcdatamodel */;
			path = PEM_Flow.xcdatamodeld;
			sourceTree = "<group>";
			versionGroupType = wrapper.xcdatamodel;
		};
/* End XCVersionGroup section */
	};
	rootObject = 92C3171D28B8BD7C00A268AA /* Project object */;
}
